
Microsoft Visual Studio Solution File, Format Version 12.00
# Visual Studio 2013
VisualStudioVersion = 12.0.30501.0
MinimumVisualStudioVersion = 10.0.40219.1
Project("{FAE04EC0-301F-11D3-BF4B-00C04F79EFBC}") = "MyMovieApplication", "MyMovieApplication\MyMovieApplication.csproj", "{EC60AB04-2FE2-47DD-BEF5-9162D5E928DB}"
EndProject
Global
	GlobalSection(SolutionConfigurationPlatforms) = preSolution
		Debug|Any CPU = Debug|Any CPU
		Release|Any CPU = Release|Any CPU
	EndGlobalSection
	GlobalSection(ProjectConfigurationPlatforms) = postSolution
		{EC60AB04-2FE2-47DD-BEF5-9162D5E928DB}.Debug|Any CPU.ActiveCfg = Debug|Any CPU
		{EC60AB04-2FE2-47DD-BEF5-9162D5E928DB}.Debug|Any CPU.Build.0 = Debug|Any CPU
		{EC60AB04-2FE2-47DD-BEF5-9162D5E928DB}.Release|Any CPU.ActiveCfg = Release|Any CPU
		{EC60AB04-2FE2-47DD-BEF5-9162D5E928DB}.Release|Any CPU.Build.0 = Release|Any CPU
	EndGlobalSection
	GlobalSection(SolutionProperties) = preSolution
		HideSolutionNode = FALSE
	EndGlobalSection
EndGlobal
